
Microsoft Visual Studio Solution File, Format Version 12.00
# Visual Studio Version 16
VisualStudioVersion = 16.0.29009.5
MinimumVisualStudioVersion = 10.0.40219.1
Project("{FAE04EC0-301F-11D3-BF4B-00C04F79EFBC}") = "XamCal2", "XamCal2.csproj", "{021032D3-8BA1-4453-B188-F3FB9F9FA695}"
EndProject
Global
	GlobalSection(SolutionConfigurationPlatforms) = preSolution
		Debug|Any CPU = Debug|Any CPU
		Release|Any CPU = Release|Any CPU
	EndGlobalSection
	GlobalSection(ProjectConfigurationPlatforms) = postSolution
		{021032D3-8BA1-4453-B188-F3FB9F9FA695}.Debug|Any CPU.ActiveCfg = Debug|Any CPU
		{021032D3-8BA1-4453-B188-F3FB9F9FA695}.Debug|Any CPU.Build.0 = Debug|Any CPU
		{021032D3-8BA1-4453-B188-F3FB9F9FA695}.Debug|Any CPU.Deploy.0 = Debug|Any CPU
		{021032D3-8BA1-4453-B188-F3FB9F9FA695}.Release|Any CPU.ActiveCfg = Release|Any CPU
		{021032D3-8BA1-4453-B188-F3FB9F9FA695}.Release|Any CPU.Build.0 = Release|Any CPU
		{021032D3-8BA1-4453-B188-F3FB9F9FA695}.Release|Any CPU.Deploy.0 = Release|Any CPU
	EndGlobalSection
	GlobalSection(SolutionProperties) = preSolution
		HideSolutionNode = FALSE
	EndGlobalSection
	GlobalSection(ExtensibilityGlobals) = postSolution
		SolutionGuid = {E8327369-4804-4DCD-93EA-F4E551B7480A}
	EndGlobalSection
EndGlobal
